{
  "name": "numworks.js",
  "version": "1.0.2",
  "lockfileVersion": 1,
  "requires": true,
  "dependencies": {
    "webdfu": {
      "version": "1.0.2",
      "resolved": "https://registry.npmjs.org/webdfu/-/webdfu-1.0.2.tgz",
      "integrity": "sha512-SMqb+XoTNFM5s0DyY8XujXJdRVMcl475acvjTEMeQO0Fw1EOL6K/ymbyHwyEaAC93DhyzCUgnaa+wzFTrgE9Yg=="
    }
  }
}
