{
  "name": "numworks.js",
  "version": "1.0.4",
  "lockfileVersion": 1,
  "requires": true,
  "dependencies": {
    "webdfu": {
      "version": "1.0.4",
      "resolved": "https://registry.npmjs.org/webdfu/-/webdfu-1.0.4.tgz",
      "integrity": "sha512-55VCIvx+Zudub4jMA3WSAVTcIOEvHxvFX4axwB6m0LiflRZao11jBv/42OpGV+tfn15H+hy+hbnG7i+kjA8ddw=="
    }
  }
}
