{
  "name": "nw.js",
  "version": "1.0.0",
  "lockfileVersion": 1,
  "requires": true,
  "dependencies": {
    "webdfu": {
      "version": "1.0.1",
      "resolved": "https://registry.npmjs.org/webdfu/-/webdfu-1.0.1.tgz",
      "integrity": "sha512-MT9vzQFXLRE0PwqM7dLbTD8hxfZ4vlebBMdUtD3GKo5WkSi19ln1pjbGJQnSmvBrl1d0B/zkEJhuiAflVKoGBg=="
    }
  }
}
